
Microsoft Visual Studio Solution File, Format Version 12.00
# Visual Studio 15
VisualStudioVersion = 15.0.26124.0
MinimumVisualStudioVersion = 15.0.26124.0
Project("{2150E333-8FDC-42A3-9474-1A3956D46DE8}") = "src", "src", "{64DD965F-DC46-46D7-A8D9-81C0FBD736C5}"
EndProject
Project("{FAE04EC0-301F-11D3-BF4B-00C04F79EFBC}") = "SimpleAPI", "src\SimpleAPI\SimpleAPI.csproj", "{7F7C1FDF-443B-4598-99CF-B5B76943EABC}"
EndProject
Project("{2150E333-8FDC-42A3-9474-1A3956D46DE8}") = "test", "test", "{3106F2FD-1DF4-47C9-ADA3-B7259FC49E08}"
EndProject
Project("{FAE04EC0-301F-11D3-BF4B-00C04F79EFBC}") = "SimpleAPI.Tests", "test\SimpleAPI.Tests\SimpleAPI.Tests.csproj", "{D0B295F4-82CB-43D4-AAEE-88BDEE2ECB19}"
EndProject
Global
	GlobalSection(SolutionConfigurationPlatforms) = preSolution
		Debug|Any CPU = Debug|Any CPU
		Debug|x64 = Debug|x64
		Debug|x86 = Debug|x86
		Release|Any CPU = Release|Any CPU
		Release|x64 = Release|x64
		Release|x86 = Release|x86
	EndGlobalSection
	GlobalSection(SolutionProperties) = preSolution
		HideSolutionNode = FALSE
	EndGlobalSection
	GlobalSection(ProjectConfigurationPlatforms) = postSolution
		{7F7C1FDF-443B-4598-99CF-B5B76943EABC}.Debug|Any CPU.ActiveCfg = Debug|Any CPU
		{7F7C1FDF-443B-4598-99CF-B5B76943EABC}.Debug|Any CPU.Build.0 = Debug|Any CPU
		{7F7C1FDF-443B-4598-99CF-B5B76943EABC}.Debug|x64.ActiveCfg = Debug|Any CPU
		{7F7C1FDF-443B-4598-99CF-B5B76943EABC}.Debug|x64.Build.0 = Debug|Any CPU
		{7F7C1FDF-443B-4598-99CF-B5B76943EABC}.Debug|x86.ActiveCfg = Debug|Any CPU
		{7F7C1FDF-443B-4598-99CF-B5B76943EABC}.Debug|x86.Build.0 = Debug|Any CPU
		{7F7C1FDF-443B-4598-99CF-B5B76943EABC}.Release|Any CPU.ActiveCfg = Release|Any CPU
		{7F7C1FDF-443B-4598-99CF-B5B76943EABC}.Release|Any CPU.Build.0 = Release|Any CPU
		{7F7C1FDF-443B-4598-99CF-B5B76943EABC}.Release|x64.ActiveCfg = Release|Any CPU
		{7F7C1FDF-443B-4598-99CF-B5B76943EABC}.Release|x64.Build.0 = Release|Any CPU
		{7F7C1FDF-443B-4598-99CF-B5B76943EABC}.Release|x86.ActiveCfg = Release|Any CPU
		{7F7C1FDF-443B-4598-99CF-B5B76943EABC}.Release|x86.Build.0 = Release|Any CPU
		{D0B295F4-82CB-43D4-AAEE-88BDEE2ECB19}.Debug|Any CPU.ActiveCfg = Debug|Any CPU
		{D0B295F4-82CB-43D4-AAEE-88BDEE2ECB19}.Debug|Any CPU.Build.0 = Debug|Any CPU
		{D0B295F4-82CB-43D4-AAEE-88BDEE2ECB19}.Debug|x64.ActiveCfg = Debug|Any CPU
		{D0B295F4-82CB-43D4-AAEE-88BDEE2ECB19}.Debug|x64.Build.0 = Debug|Any CPU
		{D0B295F4-82CB-43D4-AAEE-88BDEE2ECB19}.Debug|x86.ActiveCfg = Debug|Any CPU
		{D0B295F4-82CB-43D4-AAEE-88BDEE2ECB19}.Debug|x86.Build.0 = Debug|Any CPU
		{D0B295F4-82CB-43D4-AAEE-88BDEE2ECB19}.Release|Any CPU.ActiveCfg = Release|Any CPU
		{D0B295F4-82CB-43D4-AAEE-88BDEE2ECB19}.Release|Any CPU.Build.0 = Release|Any CPU
		{D0B295F4-82CB-43D4-AAEE-88BDEE2ECB19}.Release|x64.ActiveCfg = Release|Any CPU
		{D0B295F4-82CB-43D4-AAEE-88BDEE2ECB19}.Release|x64.Build.0 = Release|Any CPU
		{D0B295F4-82CB-43D4-AAEE-88BDEE2ECB19}.Release|x86.ActiveCfg = Release|Any CPU
		{D0B295F4-82CB-43D4-AAEE-88BDEE2ECB19}.Release|x86.Build.0 = Release|Any CPU
	EndGlobalSection
	GlobalSection(NestedProjects) = preSolution
		{7F7C1FDF-443B-4598-99CF-B5B76943EABC} = {64DD965F-DC46-46D7-A8D9-81C0FBD736C5}
		{D0B295F4-82CB-43D4-AAEE-88BDEE2ECB19} = {3106F2FD-1DF4-47C9-ADA3-B7259FC49E08}
	EndGlobalSection
EndGlobal
